
Microsoft Visual Studio Solution File, Format Version 12.00
# Visual Studio Version 16
VisualStudioVersion = 16.0.31313.79
MinimumVisualStudioVersion = 10.0.40219.1
Project("{8BC9CEB8-8B4A-11D0-8D11-00A0C91BC942}") = "ShellcodeLoader", "ShellcodeLoader.vcxproj", "{F21A4306-2E78-4B07-A18A-EEA1798F7641}"
EndProject
Global
	GlobalSection(SolutionConfigurationPlatforms) = preSolution
		Debug|x64 = Debug|x64
		Debug|x86 = Debug|x86
		Release|x64 = Release|x64
		Release|x86 = Release|x86
	EndGlobalSection
	GlobalSection(ProjectConfigurationPlatforms) = postSolution
		{F21A4306-2E78-4B07-A18A-EEA1798F7641}.Debug|x64.ActiveCfg = Debug|x64
		{F21A4306-2E78-4B07-A18A-EEA1798F7641}.Debug|x64.Build.0 = Debug|x64
		{F21A4306-2E78-4B07-A18A-EEA1798F7641}.Debug|x86.ActiveCfg = Debug|Win32
		{F21A4306-2E78-4B07-A18A-EEA1798F7641}.Debug|x86.Build.0 = Debug|Win32
		{F21A4306-2E78-4B07-A18A-EEA1798F7641}.Release|x64.ActiveCfg = Release|x64
		{F21A4306-2E78-4B07-A18A-EEA1798F7641}.Release|x64.Build.0 = Release|x64
		{F21A4306-2E78-4B07-A18A-EEA1798F7641}.Release|x86.ActiveCfg = Release|Win32
		{F21A4306-2E78-4B07-A18A-EEA1798F7641}.Release|x86.Build.0 = Release|Win32
	EndGlobalSection
	GlobalSection(SolutionProperties) = preSolution
		HideSolutionNode = FALSE
	EndGlobalSection
	GlobalSection(ExtensibilityGlobals) = postSolution
		SolutionGuid = {CF0B6F46-A96C-4D57-9722-B1EFB2178EA3}
	EndGlobalSection
EndGlobal
